
Microsoft Visual Studio Solution File, Format Version 12.00
# Visual Studio Version 16
VisualStudioVersion = 16.0.29806.167
MinimumVisualStudioVersion = 10.0.40219.1
Project("{FAE04EC0-301F-11D3-BF4B-00C04F79EFBC}") = "Oppgave 2.3", "Oppgave 2.3.csproj", "{E3978129-A227-4C27-94E2-1A90D0FE0DAB}"
EndProject
Global
	GlobalSection(SolutionConfigurationPlatforms) = preSolution
		Debug|Any CPU = Debug|Any CPU
		Release|Any CPU = Release|Any CPU
	EndGlobalSection
	GlobalSection(ProjectConfigurationPlatforms) = postSolution
		{E3978129-A227-4C27-94E2-1A90D0FE0DAB}.Debug|Any CPU.ActiveCfg = Debug|Any CPU
		{E3978129-A227-4C27-94E2-1A90D0FE0DAB}.Debug|Any CPU.Build.0 = Debug|Any CPU
		{E3978129-A227-4C27-94E2-1A90D0FE0DAB}.Release|Any CPU.ActiveCfg = Release|Any CPU
		{E3978129-A227-4C27-94E2-1A90D0FE0DAB}.Release|Any CPU.Build.0 = Release|Any CPU
	EndGlobalSection
	GlobalSection(SolutionProperties) = preSolution
		HideSolutionNode = FALSE
	EndGlobalSection
	GlobalSection(ExtensibilityGlobals) = postSolution
		SolutionGuid = {CD7FCBA7-A519-4D36-BC13-2915AE2C5A2A}
	EndGlobalSection
EndGlobal
