
Microsoft Visual Studio Solution File, Format Version 12.00
# Visual Studio Version 16
VisualStudioVersion = 16.0.29905.134
MinimumVisualStudioVersion = 10.0.40219.1
Project("{FAE04EC0-301F-11D3-BF4B-00C04F79EFBC}") = "TrePåRad", "TrePåRad.csproj", "{BDF3D8CD-CF4D-4B81-A438-5301DE173DDA}"
EndProject
Global
	GlobalSection(SolutionConfigurationPlatforms) = preSolution
		Debug|Any CPU = Debug|Any CPU
		Release|Any CPU = Release|Any CPU
	EndGlobalSection
	GlobalSection(ProjectConfigurationPlatforms) = postSolution
		{BDF3D8CD-CF4D-4B81-A438-5301DE173DDA}.Debug|Any CPU.ActiveCfg = Debug|Any CPU
		{BDF3D8CD-CF4D-4B81-A438-5301DE173DDA}.Debug|Any CPU.Build.0 = Debug|Any CPU
		{BDF3D8CD-CF4D-4B81-A438-5301DE173DDA}.Release|Any CPU.ActiveCfg = Release|Any CPU
		{BDF3D8CD-CF4D-4B81-A438-5301DE173DDA}.Release|Any CPU.Build.0 = Release|Any CPU
	EndGlobalSection
	GlobalSection(SolutionProperties) = preSolution
		HideSolutionNode = FALSE
	EndGlobalSection
	GlobalSection(ExtensibilityGlobals) = postSolution
		SolutionGuid = {2CADAF1D-A063-4E8C-839B-E088D72DFBD9}
	EndGlobalSection
EndGlobal
